
Microsoft Visual Studio Solution File, Format Version 12.00
# Visual Studio Version 16
VisualStudioVersion = 16.0.29001.49
MinimumVisualStudioVersion = 10.0.40219.1
Project("{9A19103F-16F7-4668-BE54-9A1E7A4F7556}") = "WebApp", "src\WebApp\WebApp.csproj", "{C7A70E72-2445-4E2B-A280-80F8CB4C5B80}"
EndProject
Project("{2150E333-8FDC-42A3-9474-1A3956D46DE8}") = "DAL", "DAL", "{947057DD-B855-4947-B06A-1F6210A461D8}"
EndProject
Project("{FAE04EC0-301F-11D3-BF4B-00C04F79EFBC}") = "DataAccessLayer", "src\DataAccessLayer\DataAccessLayer.csproj", "{808B096A-AFDE-4221-BC63-5A88C89FF899}"
EndProject
Global
	GlobalSection(SolutionConfigurationPlatforms) = preSolution
		Debug|Any CPU = Debug|Any CPU
		Release|Any CPU = Release|Any CPU
	EndGlobalSection
	GlobalSection(ProjectConfigurationPlatforms) = postSolution
		{C7A70E72-2445-4E2B-A280-80F8CB4C5B80}.Debug|Any CPU.ActiveCfg = Debug|Any CPU
		{C7A70E72-2445-4E2B-A280-80F8CB4C5B80}.Debug|Any CPU.Build.0 = Debug|Any CPU
		{C7A70E72-2445-4E2B-A280-80F8CB4C5B80}.Release|Any CPU.ActiveCfg = Release|Any CPU
		{C7A70E72-2445-4E2B-A280-80F8CB4C5B80}.Release|Any CPU.Build.0 = Release|Any CPU
		{808B096A-AFDE-4221-BC63-5A88C89FF899}.Debug|Any CPU.ActiveCfg = Debug|Any CPU
		{808B096A-AFDE-4221-BC63-5A88C89FF899}.Debug|Any CPU.Build.0 = Debug|Any CPU
		{808B096A-AFDE-4221-BC63-5A88C89FF899}.Release|Any CPU.ActiveCfg = Release|Any CPU
		{808B096A-AFDE-4221-BC63-5A88C89FF899}.Release|Any CPU.Build.0 = Release|Any CPU
	EndGlobalSection
	GlobalSection(SolutionProperties) = preSolution
		HideSolutionNode = FALSE
	EndGlobalSection
	GlobalSection(NestedProjects) = preSolution
		{808B096A-AFDE-4221-BC63-5A88C89FF899} = {947057DD-B855-4947-B06A-1F6210A461D8}
	EndGlobalSection
	GlobalSection(ExtensibilityGlobals) = postSolution
		SolutionGuid = {3A617602-2181-4492-9798-3D8E0E1CBFAA}
	EndGlobalSection
EndGlobal
